
Microsoft Visual Studio Solution File, Format Version 12.00
# Visual Studio Version 16
VisualStudioVersion = 16.0.33027.164
MinimumVisualStudioVersion = 10.0.40219.1
Project("{8BC9CEB8-8B4A-11D0-8D11-00A0C91BC942}") = "task10_2022.12.15", "task10_2022.12.15\task10_2022.12.15.vcxproj", "{0E2F1B8A-11C4-4C35-AB2C-397BEACA41A9}"
EndProject
Project("{8BC9CEB8-8B4A-11D0-8D11-00A0C91BC942}") = "singleton", "singleton\singleton.vcxproj", "{61CB4CFA-8B4C-41AF-886B-5CD1122FB58D}"
EndProject
Project("{8BC9CEB8-8B4A-11D0-8D11-00A0C91BC942}") = "Bridge", "Bridge\Bridge.vcxproj", "{9A5D28A2-2BB0-4454-A079-4893B8BF3794}"
EndProject
Project("{8BC9CEB8-8B4A-11D0-8D11-00A0C91BC942}") = "Linker", "Linker\Linker.vcxproj", "{63AF4EA1-1750-4B4F-A75E-AD9B24184187}"
EndProject
Project("{8BC9CEB8-8B4A-11D0-8D11-00A0C91BC942}") = "Command", "Command\Command.vcxproj", "{EFA8C769-6EC3-4A74-AD2B-E30C5FC55DA5}"
EndProject
Project("{8BC9CEB8-8B4A-11D0-8D11-00A0C91BC942}") = "Chain", "Chain\Chain.vcxproj", "{5C5DEE36-95DB-4249-8ED9-64AEF1E0A18A}"
EndProject
Project("{8BC9CEB8-8B4A-11D0-8D11-00A0C91BC942}") = "Memento", "Memento\Memento.vcxproj", "{93E8768E-EE9B-4FC4-BD83-46CC37DB6A48}"
EndProject
Global
	GlobalSection(SolutionConfigurationPlatforms) = preSolution
		Debug|x64 = Debug|x64
		Debug|x86 = Debug|x86
		Release|x64 = Release|x64
		Release|x86 = Release|x86
	EndGlobalSection
	GlobalSection(ProjectConfigurationPlatforms) = postSolution
		{0E2F1B8A-11C4-4C35-AB2C-397BEACA41A9}.Debug|x64.ActiveCfg = Debug|x64
		{0E2F1B8A-11C4-4C35-AB2C-397BEACA41A9}.Debug|x64.Build.0 = Debug|x64
		{0E2F1B8A-11C4-4C35-AB2C-397BEACA41A9}.Debug|x86.ActiveCfg = Debug|Win32
		{0E2F1B8A-11C4-4C35-AB2C-397BEACA41A9}.Debug|x86.Build.0 = Debug|Win32
		{0E2F1B8A-11C4-4C35-AB2C-397BEACA41A9}.Release|x64.ActiveCfg = Release|x64
		{0E2F1B8A-11C4-4C35-AB2C-397BEACA41A9}.Release|x64.Build.0 = Release|x64
		{0E2F1B8A-11C4-4C35-AB2C-397BEACA41A9}.Release|x86.ActiveCfg = Release|Win32
		{0E2F1B8A-11C4-4C35-AB2C-397BEACA41A9}.Release|x86.Build.0 = Release|Win32
		{61CB4CFA-8B4C-41AF-886B-5CD1122FB58D}.Debug|x64.ActiveCfg = Debug|x64
		{61CB4CFA-8B4C-41AF-886B-5CD1122FB58D}.Debug|x64.Build.0 = Debug|x64
		{61CB4CFA-8B4C-41AF-886B-5CD1122FB58D}.Debug|x86.ActiveCfg = Debug|Win32
		{61CB4CFA-8B4C-41AF-886B-5CD1122FB58D}.Debug|x86.Build.0 = Debug|Win32
		{61CB4CFA-8B4C-41AF-886B-5CD1122FB58D}.Release|x64.ActiveCfg = Release|x64
		{61CB4CFA-8B4C-41AF-886B-5CD1122FB58D}.Release|x64.Build.0 = Release|x64
		{61CB4CFA-8B4C-41AF-886B-5CD1122FB58D}.Release|x86.ActiveCfg = Release|Win32
		{61CB4CFA-8B4C-41AF-886B-5CD1122FB58D}.Release|x86.Build.0 = Release|Win32
		{9A5D28A2-2BB0-4454-A079-4893B8BF3794}.Debug|x64.ActiveCfg = Debug|x64
		{9A5D28A2-2BB0-4454-A079-4893B8BF3794}.Debug|x64.Build.0 = Debug|x64
		{9A5D28A2-2BB0-4454-A079-4893B8BF3794}.Debug|x86.ActiveCfg = Debug|Win32
		{9A5D28A2-2BB0-4454-A079-4893B8BF3794}.Debug|x86.Build.0 = Debug|Win32
		{9A5D28A2-2BB0-4454-A079-4893B8BF3794}.Release|x64.ActiveCfg = Release|x64
		{9A5D28A2-2BB0-4454-A079-4893B8BF3794}.Release|x64.Build.0 = Release|x64
		{9A5D28A2-2BB0-4454-A079-4893B8BF3794}.Release|x86.ActiveCfg = Release|Win32
		{9A5D28A2-2BB0-4454-A079-4893B8BF3794}.Release|x86.Build.0 = Release|Win32
		{63AF4EA1-1750-4B4F-A75E-AD9B24184187}.Debug|x64.ActiveCfg = Debug|x64
		{63AF4EA1-1750-4B4F-A75E-AD9B24184187}.Debug|x64.Build.0 = Debug|x64
		{63AF4EA1-1750-4B4F-A75E-AD9B24184187}.Debug|x86.ActiveCfg = Debug|Win32
		{63AF4EA1-1750-4B4F-A75E-AD9B24184187}.Debug|x86.Build.0 = Debug|Win32
		{63AF4EA1-1750-4B4F-A75E-AD9B24184187}.Release|x64.ActiveCfg = Release|x64
		{63AF4EA1-1750-4B4F-A75E-AD9B24184187}.Release|x64.Build.0 = Release|x64
		{63AF4EA1-1750-4B4F-A75E-AD9B24184187}.Release|x86.ActiveCfg = Release|Win32
		{63AF4EA1-1750-4B4F-A75E-AD9B24184187}.Release|x86.Build.0 = Release|Win32
		{EFA8C769-6EC3-4A74-AD2B-E30C5FC55DA5}.Debug|x64.ActiveCfg = Debug|x64
		{EFA8C769-6EC3-4A74-AD2B-E30C5FC55DA5}.Debug|x64.Build.0 = Debug|x64
		{EFA8C769-6EC3-4A74-AD2B-E30C5FC55DA5}.Debug|x86.ActiveCfg = Debug|Win32
		{EFA8C769-6EC3-4A74-AD2B-E30C5FC55DA5}.Debug|x86.Build.0 = Debug|Win32
		{EFA8C769-6EC3-4A74-AD2B-E30C5FC55DA5}.Release|x64.ActiveCfg = Release|x64
		{EFA8C769-6EC3-4A74-AD2B-E30C5FC55DA5}.Release|x64.Build.0 = Release|x64
		{EFA8C769-6EC3-4A74-AD2B-E30C5FC55DA5}.Release|x86.ActiveCfg = Release|Win32
		{EFA8C769-6EC3-4A74-AD2B-E30C5FC55DA5}.Release|x86.Build.0 = Release|Win32
		{5C5DEE36-95DB-4249-8ED9-64AEF1E0A18A}.Debug|x64.ActiveCfg = Debug|x64
		{5C5DEE36-95DB-4249-8ED9-64AEF1E0A18A}.Debug|x64.Build.0 = Debug|x64
		{5C5DEE36-95DB-4249-8ED9-64AEF1E0A18A}.Debug|x86.ActiveCfg = Debug|Win32
		{5C5DEE36-95DB-4249-8ED9-64AEF1E0A18A}.Debug|x86.Build.0 = Debug|Win32
		{5C5DEE36-95DB-4249-8ED9-64AEF1E0A18A}.Release|x64.ActiveCfg = Release|x64
		{5C5DEE36-95DB-4249-8ED9-64AEF1E0A18A}.Release|x64.Build.0 = Release|x64
		{5C5DEE36-95DB-4249-8ED9-64AEF1E0A18A}.Release|x86.ActiveCfg = Release|Win32
		{5C5DEE36-95DB-4249-8ED9-64AEF1E0A18A}.Release|x86.Build.0 = Release|Win32
		{93E8768E-EE9B-4FC4-BD83-46CC37DB6A48}.Debug|x64.ActiveCfg = Debug|x64
		{93E8768E-EE9B-4FC4-BD83-46CC37DB6A48}.Debug|x64.Build.0 = Debug|x64
		{93E8768E-EE9B-4FC4-BD83-46CC37DB6A48}.Debug|x86.ActiveCfg = Debug|Win32
		{93E8768E-EE9B-4FC4-BD83-46CC37DB6A48}.Debug|x86.Build.0 = Debug|Win32
		{93E8768E-EE9B-4FC4-BD83-46CC37DB6A48}.Release|x64.ActiveCfg = Release|x64
		{93E8768E-EE9B-4FC4-BD83-46CC37DB6A48}.Release|x64.Build.0 = Release|x64
		{93E8768E-EE9B-4FC4-BD83-46CC37DB6A48}.Release|x86.ActiveCfg = Release|Win32
		{93E8768E-EE9B-4FC4-BD83-46CC37DB6A48}.Release|x86.Build.0 = Release|Win32
	EndGlobalSection
	GlobalSection(SolutionProperties) = preSolution
		HideSolutionNode = FALSE
	EndGlobalSection
	GlobalSection(ExtensibilityGlobals) = postSolution
		SolutionGuid = {A90DD08D-9714-4ABD-A1B8-1D1A58ED8DD5}
	EndGlobalSection
EndGlobal
