
Microsoft Visual Studio Solution File, Format Version 12.00
# Visual Studio Version 16
VisualStudioVersion = 16.0.32929.386
MinimumVisualStudioVersion = 10.0.40219.1
Project("{8BC9CEB8-8B4A-11D0-8D11-00A0C91BC942}") = "task_06_2022.10.20", "task_06_2022.10.20\task_06_2022.10.20.vcxproj", "{6F72E006-B000-4E50-935D-F01F3A55A73B}"
EndProject
Project("{8BC9CEB8-8B4A-11D0-8D11-00A0C91BC942}") = "task_06_ex_2022.10.20", "task_06_ex_2022.10.20\task_06_ex_2022.10.20.vcxproj", "{DFF43758-5EEA-4911-823E-9A14EAFEFB31}"
EndProject
Global
	GlobalSection(SolutionConfigurationPlatforms) = preSolution
		Debug|x64 = Debug|x64
		Debug|x86 = Debug|x86
		Release|x64 = Release|x64
		Release|x86 = Release|x86
	EndGlobalSection
	GlobalSection(ProjectConfigurationPlatforms) = postSolution
		{6F72E006-B000-4E50-935D-F01F3A55A73B}.Debug|x64.ActiveCfg = Debug|x64
		{6F72E006-B000-4E50-935D-F01F3A55A73B}.Debug|x64.Build.0 = Debug|x64
		{6F72E006-B000-4E50-935D-F01F3A55A73B}.Debug|x86.ActiveCfg = Debug|Win32
		{6F72E006-B000-4E50-935D-F01F3A55A73B}.Debug|x86.Build.0 = Debug|Win32
		{6F72E006-B000-4E50-935D-F01F3A55A73B}.Release|x64.ActiveCfg = Release|x64
		{6F72E006-B000-4E50-935D-F01F3A55A73B}.Release|x64.Build.0 = Release|x64
		{6F72E006-B000-4E50-935D-F01F3A55A73B}.Release|x86.ActiveCfg = Release|Win32
		{6F72E006-B000-4E50-935D-F01F3A55A73B}.Release|x86.Build.0 = Release|Win32
		{DFF43758-5EEA-4911-823E-9A14EAFEFB31}.Debug|x64.ActiveCfg = Debug|x64
		{DFF43758-5EEA-4911-823E-9A14EAFEFB31}.Debug|x64.Build.0 = Debug|x64
		{DFF43758-5EEA-4911-823E-9A14EAFEFB31}.Debug|x86.ActiveCfg = Debug|Win32
		{DFF43758-5EEA-4911-823E-9A14EAFEFB31}.Debug|x86.Build.0 = Debug|Win32
		{DFF43758-5EEA-4911-823E-9A14EAFEFB31}.Release|x64.ActiveCfg = Release|x64
		{DFF43758-5EEA-4911-823E-9A14EAFEFB31}.Release|x64.Build.0 = Release|x64
		{DFF43758-5EEA-4911-823E-9A14EAFEFB31}.Release|x86.ActiveCfg = Release|Win32
		{DFF43758-5EEA-4911-823E-9A14EAFEFB31}.Release|x86.Build.0 = Release|Win32
	EndGlobalSection
	GlobalSection(SolutionProperties) = preSolution
		HideSolutionNode = FALSE
	EndGlobalSection
	GlobalSection(ExtensibilityGlobals) = postSolution
		SolutionGuid = {9201CED8-7F41-46F8-A394-B10EBA0E1ECA}
	EndGlobalSection
EndGlobal
